{
  "requires": true,
  "lockfileVersion": 1,
  "dependencies": {
    "t1cg-messages": {
      "version": "1.0.1",
      "resolved": "https://registry.npmjs.org/t1cg-messages/-/t1cg-messages-1.0.1.tgz",
      "integrity": "sha512-MfiZqpRz4uT5p8v74XCcJwBetzbSZmICUql6nDRFyRtrTfx1XrRNKo2qI5JPl9wCkE5/74tjjOCyIKaYD1a0ag=="
    }
  }
}
